
Microsoft Visual Studio Solution File, Format Version 12.00
# Visual Studio Version 16
VisualStudioVersion = 16.0.31129.286
MinimumVisualStudioVersion = 10.0.40219.1
Project("{FAE04EC0-301F-11D3-BF4B-00C04F79EFBC}") = "BlazorComponentsDemo", "BlazorComponentsDemo\BlazorComponentsDemo.csproj", "{78C34355-19B0-4FCD-8852-7AF5F419CC54}"
EndProject
Global
	GlobalSection(SolutionConfigurationPlatforms) = preSolution
		Debug|Any CPU = Debug|Any CPU
		Release|Any CPU = Release|Any CPU
	EndGlobalSection
	GlobalSection(ProjectConfigurationPlatforms) = postSolution
		{78C34355-19B0-4FCD-8852-7AF5F419CC54}.Debug|Any CPU.ActiveCfg = Debug|Any CPU
		{78C34355-19B0-4FCD-8852-7AF5F419CC54}.Debug|Any CPU.Build.0 = Debug|Any CPU
		{78C34355-19B0-4FCD-8852-7AF5F419CC54}.Release|Any CPU.ActiveCfg = Release|Any CPU
		{78C34355-19B0-4FCD-8852-7AF5F419CC54}.Release|Any CPU.Build.0 = Release|Any CPU
	EndGlobalSection
	GlobalSection(SolutionProperties) = preSolution
		HideSolutionNode = FALSE
	EndGlobalSection
	GlobalSection(ExtensibilityGlobals) = postSolution
		SolutionGuid = {948202E0-EC4E-4F86-AD4E-2DAE1BD03AE4}
	EndGlobalSection
EndGlobal
